
Microsoft Visual Studio Solution File, Format Version 12.00
# Visual Studio Version 17
VisualStudioVersion = 17.13.35806.99
MinimumVisualStudioVersion = 10.0.40219.1
Project("{FAE04EC0-301F-11D3-BF4B-00C04F79EFBC}") = "AljabarLibraries", "AljabarLibraries\AljabarLibraries.csproj", "{40F7BBBE-422B-483D-A6EE-BF1A7C41C74F}"
EndProject
Project("{FAE04EC0-301F-11D3-BF4B-00C04F79EFBC}") = "AljabarTest", "AljabarTest\AljabarTest.csproj", "{24956AAE-7457-463C-A2BD-35957B193476}"
EndProject
Global
	GlobalSection(SolutionConfigurationPlatforms) = preSolution
		Debug|Any CPU = Debug|Any CPU
		Release|Any CPU = Release|Any CPU
	EndGlobalSection
	GlobalSection(ProjectConfigurationPlatforms) = postSolution
		{40F7BBBE-422B-483D-A6EE-BF1A7C41C74F}.Debug|Any CPU.ActiveCfg = Debug|Any CPU
		{40F7BBBE-422B-483D-A6EE-BF1A7C41C74F}.Debug|Any CPU.Build.0 = Debug|Any CPU
		{40F7BBBE-422B-483D-A6EE-BF1A7C41C74F}.Release|Any CPU.ActiveCfg = Release|Any CPU
		{40F7BBBE-422B-483D-A6EE-BF1A7C41C74F}.Release|Any CPU.Build.0 = Release|Any CPU
		{24956AAE-7457-463C-A2BD-35957B193476}.Debug|Any CPU.ActiveCfg = Debug|Any CPU
		{24956AAE-7457-463C-A2BD-35957B193476}.Debug|Any CPU.Build.0 = Debug|Any CPU
		{24956AAE-7457-463C-A2BD-35957B193476}.Release|Any CPU.ActiveCfg = Release|Any CPU
		{24956AAE-7457-463C-A2BD-35957B193476}.Release|Any CPU.Build.0 = Release|Any CPU
	EndGlobalSection
	GlobalSection(SolutionProperties) = preSolution
		HideSolutionNode = FALSE
	EndGlobalSection
	GlobalSection(ExtensibilityGlobals) = postSolution
		SolutionGuid = {F0096029-77BB-4541-AA08-31BA5876EF0C}
	EndGlobalSection
EndGlobal
