
Microsoft Visual Studio Solution File, Format Version 12.00
# Visual Studio Version 17
VisualStudioVersion = 17.13.35806.99 d17.13
MinimumVisualStudioVersion = 10.0.40219.1
Project("{FAE04EC0-301F-11D3-BF4B-00C04F79EFBC}") = "modul8_2311104057", "modul8_2311104057\modul8_2311104057.csproj", "{4D2D7F90-9911-4575-B73F-F7442625CCAC}"
EndProject
Global
	GlobalSection(SolutionConfigurationPlatforms) = preSolution
		Debug|Any CPU = Debug|Any CPU
		Release|Any CPU = Release|Any CPU
	EndGlobalSection
	GlobalSection(ProjectConfigurationPlatforms) = postSolution
		{4D2D7F90-9911-4575-B73F-F7442625CCAC}.Debug|Any CPU.ActiveCfg = Debug|Any CPU
		{4D2D7F90-9911-4575-B73F-F7442625CCAC}.Debug|Any CPU.Build.0 = Debug|Any CPU
		{4D2D7F90-9911-4575-B73F-F7442625CCAC}.Release|Any CPU.ActiveCfg = Release|Any CPU
		{4D2D7F90-9911-4575-B73F-F7442625CCAC}.Release|Any CPU.Build.0 = Release|Any CPU
	EndGlobalSection
	GlobalSection(SolutionProperties) = preSolution
		HideSolutionNode = FALSE
	EndGlobalSection
	GlobalSection(ExtensibilityGlobals) = postSolution
		SolutionGuid = {B9C8FD70-34FB-453A-B801-23373F1AAA1C}
	EndGlobalSection
EndGlobal
