
Microsoft Visual Studio Solution File, Format Version 12.00
# Visual Studio Version 17
VisualStudioVersion = 17.13.35806.99 d17.13
MinimumVisualStudioVersion = 10.0.40219.1
Project("{FAE04EC0-301F-11D3-BF4B-00C04F79EFBC}") = "tpmodul12_2311104057", "tpmodul12_2311104057\tpmodul12_2311104057.csproj", "{5ACFBF2F-3954-4899-8697-92BA718779B2}"
EndProject
Global
	GlobalSection(SolutionConfigurationPlatforms) = preSolution
		Debug|Any CPU = Debug|Any CPU
		Release|Any CPU = Release|Any CPU
	EndGlobalSection
	GlobalSection(ProjectConfigurationPlatforms) = postSolution
		{5ACFBF2F-3954-4899-8697-92BA718779B2}.Debug|Any CPU.ActiveCfg = Debug|Any CPU
		{5ACFBF2F-3954-4899-8697-92BA718779B2}.Debug|Any CPU.Build.0 = Debug|Any CPU
		{5ACFBF2F-3954-4899-8697-92BA718779B2}.Release|Any CPU.ActiveCfg = Release|Any CPU
		{5ACFBF2F-3954-4899-8697-92BA718779B2}.Release|Any CPU.Build.0 = Release|Any CPU
	EndGlobalSection
	GlobalSection(SolutionProperties) = preSolution
		HideSolutionNode = FALSE
	EndGlobalSection
	GlobalSection(ExtensibilityGlobals) = postSolution
		SolutionGuid = {F6A13833-8B30-476D-A267-9A879A19E25C}
	EndGlobalSection
EndGlobal
